
Microsoft Visual Studio Solution File, Format Version 12.00
# Visual Studio Version 17
VisualStudioVersion = 17.7.34003.232
MinimumVisualStudioVersion = 10.0.40219.1
Project("{9A19103F-16F7-4668-BE54-9A1E7A4F7556}") = "Extension.Web", "HL.Extension\Extension.Web.csproj", "{6226D652-DD27-4696-94CC-23AF6013D55C}"
EndProject
Project("{9A19103F-16F7-4668-BE54-9A1E7A4F7556}") = "Extension.Domain", "HL.Extension.Data\Extension.Domain.csproj", "{D0DC135F-1710-4B11-8E82-76438795A078}"
EndProject
Project("{FAE04EC0-301F-11D3-BF4B-00C04F79EFBC}") = "Extension.Application", "Extension.Application\Extension.Application.csproj", "{0E2246F4-A7FC-4C13-8F5A-E872CDA42623}"
EndProject
Project("{FAE04EC0-301F-11D3-BF4B-00C04F79EFBC}") = "Extension.Infracstructure", "Extension.Infracstructure\Extension.Infracstructure.csproj", "{13BD7E62-9FF6-4142-B40E-C78B3060D0CB}"
EndProject
Global
	GlobalSection(SolutionConfigurationPlatforms) = preSolution
		Debug|Any CPU = Debug|Any CPU
		Release|Any CPU = Release|Any CPU
	EndGlobalSection
	GlobalSection(ProjectConfigurationPlatforms) = postSolution
		{6226D652-DD27-4696-94CC-23AF6013D55C}.Debug|Any CPU.ActiveCfg = Debug|Any CPU
		{6226D652-DD27-4696-94CC-23AF6013D55C}.Debug|Any CPU.Build.0 = Debug|Any CPU
		{6226D652-DD27-4696-94CC-23AF6013D55C}.Release|Any CPU.ActiveCfg = Release|Any CPU
		{6226D652-DD27-4696-94CC-23AF6013D55C}.Release|Any CPU.Build.0 = Release|Any CPU
		{D0DC135F-1710-4B11-8E82-76438795A078}.Debug|Any CPU.ActiveCfg = Debug|Any CPU
		{D0DC135F-1710-4B11-8E82-76438795A078}.Debug|Any CPU.Build.0 = Debug|Any CPU
		{D0DC135F-1710-4B11-8E82-76438795A078}.Release|Any CPU.ActiveCfg = Release|Any CPU
		{D0DC135F-1710-4B11-8E82-76438795A078}.Release|Any CPU.Build.0 = Release|Any CPU
		{0E2246F4-A7FC-4C13-8F5A-E872CDA42623}.Debug|Any CPU.ActiveCfg = Debug|Any CPU
		{0E2246F4-A7FC-4C13-8F5A-E872CDA42623}.Debug|Any CPU.Build.0 = Debug|Any CPU
		{0E2246F4-A7FC-4C13-8F5A-E872CDA42623}.Release|Any CPU.ActiveCfg = Release|Any CPU
		{0E2246F4-A7FC-4C13-8F5A-E872CDA42623}.Release|Any CPU.Build.0 = Release|Any CPU
		{13BD7E62-9FF6-4142-B40E-C78B3060D0CB}.Debug|Any CPU.ActiveCfg = Debug|Any CPU
		{13BD7E62-9FF6-4142-B40E-C78B3060D0CB}.Debug|Any CPU.Build.0 = Debug|Any CPU
		{13BD7E62-9FF6-4142-B40E-C78B3060D0CB}.Release|Any CPU.ActiveCfg = Release|Any CPU
		{13BD7E62-9FF6-4142-B40E-C78B3060D0CB}.Release|Any CPU.Build.0 = Release|Any CPU
	EndGlobalSection
	GlobalSection(SolutionProperties) = preSolution
		HideSolutionNode = FALSE
	EndGlobalSection
	GlobalSection(ExtensibilityGlobals) = postSolution
		SolutionGuid = {2AF95235-2B88-42A8-9864-7FA91E8DE1D5}
	EndGlobalSection
EndGlobal
