
Microsoft Visual Studio Solution File, Format Version 12.00
# Visual Studio Version 17
VisualStudioVersion = 17.7.34003.232
MinimumVisualStudioVersion = 10.0.40219.1
Project("{9A19103F-16F7-4668-BE54-9A1E7A4F7556}") = "Extension.Domain", "Extension.Domain\Extension.Domain.csproj", "{9BD90802-3002-49BC-839C-BB03A7335873}"
EndProject
Project("{2150E333-8FDC-42A3-9474-1A3956D46DE8}") = "Solution Items", "Solution Items", "{4E167A04-3793-4D6D-ACE8-F045B0F4886B}"
	ProjectSection(SolutionItems) = preProject
		mongo-composer.yml = mongo-composer.yml
		mysql-composer.yml = mysql-composer.yml
	EndProjectSection
EndProject
Project("{9A19103F-16F7-4668-BE54-9A1E7A4F7556}") = "Extension.Infrastructure", "Extension.Infrastructure\Extension.Infrastructure.csproj", "{B9E73C95-7954-4D5A-8E7B-433695CFBD08}"
EndProject
Project("{9A19103F-16F7-4668-BE54-9A1E7A4F7556}") = "ApiGateway", "ApiGateway\ApiGateway.csproj", "{AB62F58C-BB00-47DB-AB72-6DD520446867}"
EndProject
Project("{9A19103F-16F7-4668-BE54-9A1E7A4F7556}") = "JwtAuthenticationHandler", "JwtAuthenticationHandler\JwtAuthenticationHandler.csproj", "{1CEE08F8-E3B2-46B4-A8AC-E891192CD349}"
EndProject
Project("{9A19103F-16F7-4668-BE54-9A1E7A4F7556}") = "App.ResourceServer", "App.ResourceServer\App.ResourceServer.csproj", "{EC3D698A-87B9-42B7-B171-D17B3F4E9218}"
EndProject
Project("{9A19103F-16F7-4668-BE54-9A1E7A4F7556}") = "App.AuthorizationServer", "App.AuthorizationServer\App.AuthorizationServer.csproj", "{4DF4381E-92DC-49A8-977F-7DC6AD0099A6}"
EndProject
Project("{9A19103F-16F7-4668-BE54-9A1E7A4F7556}") = "Extension.Application", "Extension.Application\Extension.Application.csproj", "{CBBCBFB3-7FB5-4DEB-87F3-A9032239D4E9}"
EndProject
Project("{9A19103F-16F7-4668-BE54-9A1E7A4F7556}") = "Web.Blazor", "Web.Blazor\Web.Blazor.csproj", "{E91D781D-B4B1-4773-9EB7-C642F81CEC55}"
EndProject
Project("{9A19103F-16F7-4668-BE54-9A1E7A4F7556}") = "App.AmazonS3", "App.AmazonS3\App.AmazonS3.csproj", "{D38B05E6-8525-4027-80ED-2624E7AB71B9}"
EndProject
Global
	GlobalSection(SolutionConfigurationPlatforms) = preSolution
		Debug|Any CPU = Debug|Any CPU
		Release|Any CPU = Release|Any CPU
	EndGlobalSection
	GlobalSection(ProjectConfigurationPlatforms) = postSolution
		{9BD90802-3002-49BC-839C-BB03A7335873}.Debug|Any CPU.ActiveCfg = Debug|Any CPU
		{9BD90802-3002-49BC-839C-BB03A7335873}.Debug|Any CPU.Build.0 = Debug|Any CPU
		{9BD90802-3002-49BC-839C-BB03A7335873}.Release|Any CPU.ActiveCfg = Release|Any CPU
		{9BD90802-3002-49BC-839C-BB03A7335873}.Release|Any CPU.Build.0 = Release|Any CPU
		{B9E73C95-7954-4D5A-8E7B-433695CFBD08}.Debug|Any CPU.ActiveCfg = Debug|Any CPU
		{B9E73C95-7954-4D5A-8E7B-433695CFBD08}.Debug|Any CPU.Build.0 = Debug|Any CPU
		{B9E73C95-7954-4D5A-8E7B-433695CFBD08}.Release|Any CPU.ActiveCfg = Release|Any CPU
		{B9E73C95-7954-4D5A-8E7B-433695CFBD08}.Release|Any CPU.Build.0 = Release|Any CPU
		{AB62F58C-BB00-47DB-AB72-6DD520446867}.Debug|Any CPU.ActiveCfg = Debug|Any CPU
		{AB62F58C-BB00-47DB-AB72-6DD520446867}.Debug|Any CPU.Build.0 = Debug|Any CPU
		{AB62F58C-BB00-47DB-AB72-6DD520446867}.Release|Any CPU.ActiveCfg = Release|Any CPU
		{AB62F58C-BB00-47DB-AB72-6DD520446867}.Release|Any CPU.Build.0 = Release|Any CPU
		{1CEE08F8-E3B2-46B4-A8AC-E891192CD349}.Debug|Any CPU.ActiveCfg = Debug|Any CPU
		{1CEE08F8-E3B2-46B4-A8AC-E891192CD349}.Debug|Any CPU.Build.0 = Debug|Any CPU
		{1CEE08F8-E3B2-46B4-A8AC-E891192CD349}.Release|Any CPU.ActiveCfg = Release|Any CPU
		{1CEE08F8-E3B2-46B4-A8AC-E891192CD349}.Release|Any CPU.Build.0 = Release|Any CPU
		{EC3D698A-87B9-42B7-B171-D17B3F4E9218}.Debug|Any CPU.ActiveCfg = Debug|Any CPU
		{EC3D698A-87B9-42B7-B171-D17B3F4E9218}.Debug|Any CPU.Build.0 = Debug|Any CPU
		{EC3D698A-87B9-42B7-B171-D17B3F4E9218}.Release|Any CPU.ActiveCfg = Release|Any CPU
		{EC3D698A-87B9-42B7-B171-D17B3F4E9218}.Release|Any CPU.Build.0 = Release|Any CPU
		{4DF4381E-92DC-49A8-977F-7DC6AD0099A6}.Debug|Any CPU.ActiveCfg = Debug|Any CPU
		{4DF4381E-92DC-49A8-977F-7DC6AD0099A6}.Debug|Any CPU.Build.0 = Debug|Any CPU
		{4DF4381E-92DC-49A8-977F-7DC6AD0099A6}.Release|Any CPU.ActiveCfg = Release|Any CPU
		{4DF4381E-92DC-49A8-977F-7DC6AD0099A6}.Release|Any CPU.Build.0 = Release|Any CPU
		{CBBCBFB3-7FB5-4DEB-87F3-A9032239D4E9}.Debug|Any CPU.ActiveCfg = Debug|Any CPU
		{CBBCBFB3-7FB5-4DEB-87F3-A9032239D4E9}.Debug|Any CPU.Build.0 = Debug|Any CPU
		{CBBCBFB3-7FB5-4DEB-87F3-A9032239D4E9}.Release|Any CPU.ActiveCfg = Release|Any CPU
		{CBBCBFB3-7FB5-4DEB-87F3-A9032239D4E9}.Release|Any CPU.Build.0 = Release|Any CPU
		{E91D781D-B4B1-4773-9EB7-C642F81CEC55}.Debug|Any CPU.ActiveCfg = Debug|Any CPU
		{E91D781D-B4B1-4773-9EB7-C642F81CEC55}.Debug|Any CPU.Build.0 = Debug|Any CPU
		{E91D781D-B4B1-4773-9EB7-C642F81CEC55}.Release|Any CPU.ActiveCfg = Release|Any CPU
		{E91D781D-B4B1-4773-9EB7-C642F81CEC55}.Release|Any CPU.Build.0 = Release|Any CPU
		{D38B05E6-8525-4027-80ED-2624E7AB71B9}.Debug|Any CPU.ActiveCfg = Debug|Any CPU
		{D38B05E6-8525-4027-80ED-2624E7AB71B9}.Debug|Any CPU.Build.0 = Debug|Any CPU
		{D38B05E6-8525-4027-80ED-2624E7AB71B9}.Release|Any CPU.ActiveCfg = Release|Any CPU
		{D38B05E6-8525-4027-80ED-2624E7AB71B9}.Release|Any CPU.Build.0 = Release|Any CPU
	EndGlobalSection
	GlobalSection(SolutionProperties) = preSolution
		HideSolutionNode = FALSE
	EndGlobalSection
	GlobalSection(ExtensibilityGlobals) = postSolution
		SolutionGuid = {2AF95235-2B88-42A8-9864-7FA91E8DE1D5}
		RESX_AutoCreateNewLanguageFiles = True
	EndGlobalSection
EndGlobal
